
Microsoft Visual Studio Solution File, Format Version 12.00
# Visual Studio 2013
VisualStudioVersion = 12.0.31101.0
MinimumVisualStudioVersion = 10.0.40219.1
Project("{FAE04EC0-301F-11D3-BF4B-00C04F79EFBC}") = "SPUGFFM for Outlook", "SPUGFFM for Outlook.csproj", "{C540414D-239A-4C2B-B91A-AB386921ECC4}"
EndProject
Project("{FAE04EC0-301F-11D3-BF4B-00C04F79EFBC}") = "SPUGFFM for OfficeWeb", "..\SPUGFFM for OutlookWeb\SPUGFFM for OfficeWeb.csproj", "{DF4E5FB9-1A03-4FE8-84C3-8278398E1A26}"
EndProject
Project("{FAE04EC0-301F-11D3-BF4B-00C04F79EFBC}") = "SPUGFFMforPowerPoint", "..\SPUGFFMforPowerPoint\SPUGFFMforPowerPoint.csproj", "{A9057415-DD3D-4DE6-999A-D67F83E91409}"
EndProject
Project("{2150E333-8FDC-42A3-9474-1A3956D46DE8}") = ".nuget", ".nuget", "{E73D7EC1-C284-4E2F-8F7F-04C7E87FA749}"
	ProjectSection(SolutionItems) = preProject
		.nuget\NuGet.Config = .nuget\NuGet.Config
		.nuget\NuGet.exe = .nuget\NuGet.exe
		.nuget\NuGet.targets = .nuget\NuGet.targets
		.nuget\packages.config = .nuget\packages.config
	EndProjectSection
EndProject
Global
	GlobalSection(SolutionConfigurationPlatforms) = preSolution
		Debug|Any CPU = Debug|Any CPU
		Release|Any CPU = Release|Any CPU
	EndGlobalSection
	GlobalSection(ProjectConfigurationPlatforms) = postSolution
		{C540414D-239A-4C2B-B91A-AB386921ECC4}.Debug|Any CPU.ActiveCfg = Debug|Any CPU
		{C540414D-239A-4C2B-B91A-AB386921ECC4}.Debug|Any CPU.Build.0 = Debug|Any CPU
		{C540414D-239A-4C2B-B91A-AB386921ECC4}.Debug|Any CPU.Deploy.0 = Debug|Any CPU
		{C540414D-239A-4C2B-B91A-AB386921ECC4}.Release|Any CPU.ActiveCfg = Release|Any CPU
		{C540414D-239A-4C2B-B91A-AB386921ECC4}.Release|Any CPU.Build.0 = Release|Any CPU
		{C540414D-239A-4C2B-B91A-AB386921ECC4}.Release|Any CPU.Deploy.0 = Release|Any CPU
		{DF4E5FB9-1A03-4FE8-84C3-8278398E1A26}.Debug|Any CPU.ActiveCfg = Debug|Any CPU
		{DF4E5FB9-1A03-4FE8-84C3-8278398E1A26}.Debug|Any CPU.Build.0 = Debug|Any CPU
		{DF4E5FB9-1A03-4FE8-84C3-8278398E1A26}.Release|Any CPU.ActiveCfg = Release|Any CPU
		{DF4E5FB9-1A03-4FE8-84C3-8278398E1A26}.Release|Any CPU.Build.0 = Release|Any CPU
		{A9057415-DD3D-4DE6-999A-D67F83E91409}.Debug|Any CPU.ActiveCfg = Debug|Any CPU
		{A9057415-DD3D-4DE6-999A-D67F83E91409}.Debug|Any CPU.Build.0 = Debug|Any CPU
		{A9057415-DD3D-4DE6-999A-D67F83E91409}.Debug|Any CPU.Deploy.0 = Debug|Any CPU
		{A9057415-DD3D-4DE6-999A-D67F83E91409}.Release|Any CPU.ActiveCfg = Release|Any CPU
		{A9057415-DD3D-4DE6-999A-D67F83E91409}.Release|Any CPU.Build.0 = Release|Any CPU
		{A9057415-DD3D-4DE6-999A-D67F83E91409}.Release|Any CPU.Deploy.0 = Release|Any CPU
	EndGlobalSection
	GlobalSection(SolutionProperties) = preSolution
		HideSolutionNode = FALSE
	EndGlobalSection
EndGlobal
